
Microsoft Visual Studio Solution File, Format Version 12.00
# Visual Studio Version 16
VisualStudioVersion = 16.0.30320.27
MinimumVisualStudioVersion = 10.0.40219.1
Project("{9A19103F-16F7-4668-BE54-9A1E7A4F7556}") = "VietStar.Client", "VietStar.Client\VietStar.Client.csproj", "{635A1AD8-C497-434B-9777-8C680663ED17}"
EndProject
Project("{9A19103F-16F7-4668-BE54-9A1E7A4F7556}") = "VietStar.Entities", "VietStar.Entities\VietStar.Entities.csproj", "{F8F22E7C-2BA0-4EDE-BD92-17A1C00A2539}"
EndProject
Project("{9A19103F-16F7-4668-BE54-9A1E7A4F7556}") = "VietStar.Utility", "VietStar.Utility\VietStar.Utility.csproj", "{445CA406-3047-4137-881C-C8528626C97F}"
EndProject
Project("{9A19103F-16F7-4668-BE54-9A1E7A4F7556}") = "VietStar.Repository", "VietStar.Repository\VietStar.Repository.csproj", "{71F119A2-B7ED-4F35-8E13-EDEBF035D79F}"
EndProject
Project("{9A19103F-16F7-4668-BE54-9A1E7A4F7556}") = "HttpService", "HttpService\HttpService.csproj", "{4B1C56CD-9D46-49CC-A3B2-BEA13E15C560}"
EndProject
Project("{9A19103F-16F7-4668-BE54-9A1E7A4F7556}") = "McreditServiceCore", "McreditServiceCore\McreditServiceCore.csproj", "{530B2350-5D6F-4C99-965A-4B5B0C9FA7DD}"
EndProject
Project("{9A19103F-16F7-4668-BE54-9A1E7A4F7556}") = "VietStar.Business", "VietStar.Business\VietStar.Business.csproj", "{1CD1CB29-F529-47D5-A120-CDFED0E31A96}"
EndProject
Global
	GlobalSection(SolutionConfigurationPlatforms) = preSolution
		Debug|Any CPU = Debug|Any CPU
		Release|Any CPU = Release|Any CPU
	EndGlobalSection
	GlobalSection(ProjectConfigurationPlatforms) = postSolution
		{635A1AD8-C497-434B-9777-8C680663ED17}.Debug|Any CPU.ActiveCfg = Debug|Any CPU
		{635A1AD8-C497-434B-9777-8C680663ED17}.Debug|Any CPU.Build.0 = Debug|Any CPU
		{635A1AD8-C497-434B-9777-8C680663ED17}.Release|Any CPU.ActiveCfg = Release|Any CPU
		{635A1AD8-C497-434B-9777-8C680663ED17}.Release|Any CPU.Build.0 = Release|Any CPU
		{F8F22E7C-2BA0-4EDE-BD92-17A1C00A2539}.Debug|Any CPU.ActiveCfg = Debug|Any CPU
		{F8F22E7C-2BA0-4EDE-BD92-17A1C00A2539}.Debug|Any CPU.Build.0 = Debug|Any CPU
		{F8F22E7C-2BA0-4EDE-BD92-17A1C00A2539}.Release|Any CPU.ActiveCfg = Release|Any CPU
		{F8F22E7C-2BA0-4EDE-BD92-17A1C00A2539}.Release|Any CPU.Build.0 = Release|Any CPU
		{445CA406-3047-4137-881C-C8528626C97F}.Debug|Any CPU.ActiveCfg = Debug|Any CPU
		{445CA406-3047-4137-881C-C8528626C97F}.Debug|Any CPU.Build.0 = Debug|Any CPU
		{445CA406-3047-4137-881C-C8528626C97F}.Release|Any CPU.ActiveCfg = Release|Any CPU
		{445CA406-3047-4137-881C-C8528626C97F}.Release|Any CPU.Build.0 = Release|Any CPU
		{71F119A2-B7ED-4F35-8E13-EDEBF035D79F}.Debug|Any CPU.ActiveCfg = Debug|Any CPU
		{71F119A2-B7ED-4F35-8E13-EDEBF035D79F}.Debug|Any CPU.Build.0 = Debug|Any CPU
		{71F119A2-B7ED-4F35-8E13-EDEBF035D79F}.Release|Any CPU.ActiveCfg = Release|Any CPU
		{71F119A2-B7ED-4F35-8E13-EDEBF035D79F}.Release|Any CPU.Build.0 = Release|Any CPU
		{4B1C56CD-9D46-49CC-A3B2-BEA13E15C560}.Debug|Any CPU.ActiveCfg = Debug|Any CPU
		{4B1C56CD-9D46-49CC-A3B2-BEA13E15C560}.Debug|Any CPU.Build.0 = Debug|Any CPU
		{4B1C56CD-9D46-49CC-A3B2-BEA13E15C560}.Release|Any CPU.ActiveCfg = Release|Any CPU
		{4B1C56CD-9D46-49CC-A3B2-BEA13E15C560}.Release|Any CPU.Build.0 = Release|Any CPU
		{530B2350-5D6F-4C99-965A-4B5B0C9FA7DD}.Debug|Any CPU.ActiveCfg = Debug|Any CPU
		{530B2350-5D6F-4C99-965A-4B5B0C9FA7DD}.Debug|Any CPU.Build.0 = Debug|Any CPU
		{530B2350-5D6F-4C99-965A-4B5B0C9FA7DD}.Release|Any CPU.ActiveCfg = Release|Any CPU
		{530B2350-5D6F-4C99-965A-4B5B0C9FA7DD}.Release|Any CPU.Build.0 = Release|Any CPU
		{1CD1CB29-F529-47D5-A120-CDFED0E31A96}.Debug|Any CPU.ActiveCfg = Debug|Any CPU
		{1CD1CB29-F529-47D5-A120-CDFED0E31A96}.Debug|Any CPU.Build.0 = Debug|Any CPU
		{1CD1CB29-F529-47D5-A120-CDFED0E31A96}.Release|Any CPU.ActiveCfg = Release|Any CPU
		{1CD1CB29-F529-47D5-A120-CDFED0E31A96}.Release|Any CPU.Build.0 = Release|Any CPU
	EndGlobalSection
	GlobalSection(SolutionProperties) = preSolution
		HideSolutionNode = FALSE
	EndGlobalSection
	GlobalSection(ExtensibilityGlobals) = postSolution
		SolutionGuid = {EA505F41-BC79-4CDE-A675-3098A3F59158}
	EndGlobalSection
EndGlobal
